
Microsoft Visual Studio Solution File, Format Version 12.00
# Visual Studio 15
VisualStudioVersion = 15.0.27428.2027
MinimumVisualStudioVersion = 10.0.40219.1
Project("{9A19103F-16F7-4668-BE54-9A1E7A4F7556}") = "Playlist", "Playlist\Playlist.csproj", "{3BA33470-830D-4F07-9EEA-38BB400E6135}"
EndProject
Project("{9A19103F-16F7-4668-BE54-9A1E7A4F7556}") = "Music", "Music\Music.csproj", "{4C69F47A-8404-4BF8-BF9B-FF20D734D0B7}"
EndProject
Project("{FAE04EC0-301F-11D3-BF4B-00C04F79EFBC}") = "Entity", "Entity\Entity.csproj", "{C12105DC-6684-40D5-9CA3-250E2000FBCA}"
EndProject
Project("{FAE04EC0-301F-11D3-BF4B-00C04F79EFBC}") = "Test", "Test\Test.csproj", "{FCA40519-F2B4-46A3-B3BC-363FF13DAEBC}"
EndProject
Global
	GlobalSection(SolutionConfigurationPlatforms) = preSolution
		Debug|Any CPU = Debug|Any CPU
		Release|Any CPU = Release|Any CPU
	EndGlobalSection
	GlobalSection(ProjectConfigurationPlatforms) = postSolution
		{3BA33470-830D-4F07-9EEA-38BB400E6135}.Debug|Any CPU.ActiveCfg = Debug|Any CPU
		{3BA33470-830D-4F07-9EEA-38BB400E6135}.Debug|Any CPU.Build.0 = Debug|Any CPU
		{3BA33470-830D-4F07-9EEA-38BB400E6135}.Release|Any CPU.ActiveCfg = Release|Any CPU
		{3BA33470-830D-4F07-9EEA-38BB400E6135}.Release|Any CPU.Build.0 = Release|Any CPU
		{4C69F47A-8404-4BF8-BF9B-FF20D734D0B7}.Debug|Any CPU.ActiveCfg = Debug|Any CPU
		{4C69F47A-8404-4BF8-BF9B-FF20D734D0B7}.Debug|Any CPU.Build.0 = Debug|Any CPU
		{4C69F47A-8404-4BF8-BF9B-FF20D734D0B7}.Release|Any CPU.ActiveCfg = Release|Any CPU
		{4C69F47A-8404-4BF8-BF9B-FF20D734D0B7}.Release|Any CPU.Build.0 = Release|Any CPU
		{C12105DC-6684-40D5-9CA3-250E2000FBCA}.Debug|Any CPU.ActiveCfg = Debug|Any CPU
		{C12105DC-6684-40D5-9CA3-250E2000FBCA}.Debug|Any CPU.Build.0 = Debug|Any CPU
		{C12105DC-6684-40D5-9CA3-250E2000FBCA}.Release|Any CPU.ActiveCfg = Release|Any CPU
		{C12105DC-6684-40D5-9CA3-250E2000FBCA}.Release|Any CPU.Build.0 = Release|Any CPU
		{FCA40519-F2B4-46A3-B3BC-363FF13DAEBC}.Debug|Any CPU.ActiveCfg = Debug|Any CPU
		{FCA40519-F2B4-46A3-B3BC-363FF13DAEBC}.Debug|Any CPU.Build.0 = Debug|Any CPU
		{FCA40519-F2B4-46A3-B3BC-363FF13DAEBC}.Release|Any CPU.ActiveCfg = Release|Any CPU
		{FCA40519-F2B4-46A3-B3BC-363FF13DAEBC}.Release|Any CPU.Build.0 = Release|Any CPU
	EndGlobalSection
	GlobalSection(SolutionProperties) = preSolution
		HideSolutionNode = FALSE
	EndGlobalSection
	GlobalSection(ExtensibilityGlobals) = postSolution
		SolutionGuid = {6470C268-387E-4ECA-BAA9-CFBBC20F45DA}
	EndGlobalSection
EndGlobal
